
Microsoft Visual Studio Solution File, Format Version 12.00
# Visual Studio 2012
Project("{FAE04EC0-301F-11D3-BF4B-00C04F79EFBC}") = "Sjerrul.DesignPatterns.ChainOfResponsibility", "Sjerrul.DesignPatterns.ChainOfResponsibility\Sjerrul.DesignPatterns.ChainOfResponsibility.csproj", "{9C723694-AB2F-4EDA-8A60-922E96E7C936}"
EndProject
Project("{FAE04EC0-301F-11D3-BF4B-00C04F79EFBC}") = "Sjerrul.DesignPatterns.Factory", "Factory\Sjerrul.DesignPatterns.Factory.csproj", "{EDF7267C-F03B-4BD4-BDA6-A6392E435CCD}"
EndProject
Project("{FAE04EC0-301F-11D3-BF4B-00C04F79EFBC}") = "Sjerrul.DesignPatterns.Strategy", "Sjerrul.DesignPatterns.Strategy\Sjerrul.DesignPatterns.Strategy.csproj", "{AC1CB1F3-1EC9-4BCF-84B8-90133767791B}"
EndProject
Project("{FAE04EC0-301F-11D3-BF4B-00C04F79EFBC}") = "Sjerrul.DesignPatterns.Command", "Sjerrul.DesignPatterns.Command\Sjerrul.DesignPatterns.Command.csproj", "{38CAB4AA-F38C-42CE-BA10-B62EE8491DB8}"
EndProject
Project("{FAE04EC0-301F-11D3-BF4B-00C04F79EFBC}") = "Sjerrul.DesignPatterns.CommandWithInterfaces", "Sjerrul.DesignPatterns.CommandWithInterfaces\Sjerrul.DesignPatterns.CommandWithInterfaces.csproj", "{F50F72DD-BC50-4A1E-BD9E-30AC832F4782}"
EndProject
Project("{FAE04EC0-301F-11D3-BF4B-00C04F79EFBC}") = "Sjerrul.DesignPatterns.Visitor", "Sjerrul.DesignPatterns.Visitor\Sjerrul.DesignPatterns.Visitor.csproj", "{660274D2-080A-4ED4-99B2-027432395868}"
EndProject
Global
	GlobalSection(SolutionConfigurationPlatforms) = preSolution
		Debug|Any CPU = Debug|Any CPU
		Release|Any CPU = Release|Any CPU
	EndGlobalSection
	GlobalSection(ProjectConfigurationPlatforms) = postSolution
		{9C723694-AB2F-4EDA-8A60-922E96E7C936}.Debug|Any CPU.ActiveCfg = Debug|Any CPU
		{9C723694-AB2F-4EDA-8A60-922E96E7C936}.Debug|Any CPU.Build.0 = Debug|Any CPU
		{9C723694-AB2F-4EDA-8A60-922E96E7C936}.Release|Any CPU.ActiveCfg = Release|Any CPU
		{9C723694-AB2F-4EDA-8A60-922E96E7C936}.Release|Any CPU.Build.0 = Release|Any CPU
		{EDF7267C-F03B-4BD4-BDA6-A6392E435CCD}.Debug|Any CPU.ActiveCfg = Debug|Any CPU
		{EDF7267C-F03B-4BD4-BDA6-A6392E435CCD}.Debug|Any CPU.Build.0 = Debug|Any CPU
		{EDF7267C-F03B-4BD4-BDA6-A6392E435CCD}.Release|Any CPU.ActiveCfg = Release|Any CPU
		{EDF7267C-F03B-4BD4-BDA6-A6392E435CCD}.Release|Any CPU.Build.0 = Release|Any CPU
		{AC1CB1F3-1EC9-4BCF-84B8-90133767791B}.Debug|Any CPU.ActiveCfg = Debug|Any CPU
		{AC1CB1F3-1EC9-4BCF-84B8-90133767791B}.Debug|Any CPU.Build.0 = Debug|Any CPU
		{AC1CB1F3-1EC9-4BCF-84B8-90133767791B}.Release|Any CPU.ActiveCfg = Release|Any CPU
		{AC1CB1F3-1EC9-4BCF-84B8-90133767791B}.Release|Any CPU.Build.0 = Release|Any CPU
		{38CAB4AA-F38C-42CE-BA10-B62EE8491DB8}.Debug|Any CPU.ActiveCfg = Debug|Any CPU
		{38CAB4AA-F38C-42CE-BA10-B62EE8491DB8}.Debug|Any CPU.Build.0 = Debug|Any CPU
		{38CAB4AA-F38C-42CE-BA10-B62EE8491DB8}.Release|Any CPU.ActiveCfg = Release|Any CPU
		{38CAB4AA-F38C-42CE-BA10-B62EE8491DB8}.Release|Any CPU.Build.0 = Release|Any CPU
		{F50F72DD-BC50-4A1E-BD9E-30AC832F4782}.Debug|Any CPU.ActiveCfg = Debug|Any CPU
		{F50F72DD-BC50-4A1E-BD9E-30AC832F4782}.Debug|Any CPU.Build.0 = Debug|Any CPU
		{F50F72DD-BC50-4A1E-BD9E-30AC832F4782}.Release|Any CPU.ActiveCfg = Release|Any CPU
		{F50F72DD-BC50-4A1E-BD9E-30AC832F4782}.Release|Any CPU.Build.0 = Release|Any CPU
		{660274D2-080A-4ED4-99B2-027432395868}.Debug|Any CPU.ActiveCfg = Debug|Any CPU
		{660274D2-080A-4ED4-99B2-027432395868}.Debug|Any CPU.Build.0 = Debug|Any CPU
		{660274D2-080A-4ED4-99B2-027432395868}.Release|Any CPU.ActiveCfg = Release|Any CPU
		{660274D2-080A-4ED4-99B2-027432395868}.Release|Any CPU.Build.0 = Release|Any CPU
	EndGlobalSection
	GlobalSection(SolutionProperties) = preSolution
		HideSolutionNode = FALSE
	EndGlobalSection
EndGlobal
